
Microsoft Visual Studio Solution File, Format Version 12.00
# Visual Studio 2013
Project("{FAE04EC0-301F-11D3-BF4B-00C04F79EFBC}") = "UnityVS.MergeUnityProjects.CSharp", "UnityVS.MergeUnityProjects.CSharp.csproj", "{796D2C67-0352-E491-E8E4-1ACD771BC769}"
EndProject
Project("{FAE04EC0-301F-11D3-BF4B-00C04F79EFBC}") = "UnityVS.MergeUnityProjects.CSharp.Editor", "UnityVS.MergeUnityProjects.CSharp.Editor.csproj", "{0AF030C1-E478-15F2-1359-B63A6C0C747A}"
EndProject
Global
	GlobalSection(SolutionConfigurationPlatforms) = preSolution
		Debug|Any CPU = Debug|Any CPU
		Release|Any CPU = Release|Any CPU
	EndGlobalSection
	GlobalSection(ProjectConfigurationPlatforms) = postSolution
		{796D2C67-0352-E491-E8E4-1ACD771BC769}.Debug|Any CPU.ActiveCfg = Debug|Any CPU
		{796D2C67-0352-E491-E8E4-1ACD771BC769}.Debug|Any CPU.Build.0 = Debug|Any CPU
		{796D2C67-0352-E491-E8E4-1ACD771BC769}.Release|Any CPU.ActiveCfg = Release|Any CPU
		{796D2C67-0352-E491-E8E4-1ACD771BC769}.Release|Any CPU.Build.0 = Release|Any CPU
		{0AF030C1-E478-15F2-1359-B63A6C0C747A}.Debug|Any CPU.ActiveCfg = Debug|Any CPU
		{0AF030C1-E478-15F2-1359-B63A6C0C747A}.Debug|Any CPU.Build.0 = Debug|Any CPU
		{0AF030C1-E478-15F2-1359-B63A6C0C747A}.Release|Any CPU.ActiveCfg = Release|Any CPU
		{0AF030C1-E478-15F2-1359-B63A6C0C747A}.Release|Any CPU.Build.0 = Release|Any CPU
	EndGlobalSection
	GlobalSection(SolutionProperties) = preSolution
		HideSolutionNode = FALSE
	EndGlobalSection
EndGlobal
